
Microsoft Visual Studio Solution File, Format Version 12.00
# Visual Studio Version 16
VisualStudioVersion = 16.0.32228.343
MinimumVisualStudioVersion = 10.0.40219.1
Project("{E24C65DC-7377-472B-9ABA-BC803B73C61A}") = "nodesql", ".", "{62DDD3FF-48DF-43F6-A7AE-663F1AC748C0}"
	ProjectSection(WebsiteProperties) = preProject
		TargetFrameworkMoniker = ".NETFramework,Version%3Dv4.0"
		Debug.AspNetCompiler.VirtualPath = "/localhost_49862"
		Debug.AspNetCompiler.PhysicalPath = "..\nodesql\"
		Debug.AspNetCompiler.TargetPath = "PrecompiledWeb\localhost_49862\"
		Debug.AspNetCompiler.Updateable = "true"
		Debug.AspNetCompiler.ForceOverwrite = "true"
		Debug.AspNetCompiler.FixedNames = "false"
		Debug.AspNetCompiler.Debug = "True"
		Release.AspNetCompiler.VirtualPath = "/localhost_49862"
		Release.AspNetCompiler.PhysicalPath = "..\nodesql\"
		Release.AspNetCompiler.TargetPath = "PrecompiledWeb\localhost_49862\"
		Release.AspNetCompiler.Updateable = "true"
		Release.AspNetCompiler.ForceOverwrite = "true"
		Release.AspNetCompiler.FixedNames = "false"
		Release.AspNetCompiler.Debug = "False"
		VWDPort = "49862"
		SlnRelativePath = "..\nodesql\"
	EndProjectSection
EndProject
Global
	GlobalSection(SolutionConfigurationPlatforms) = preSolution
		Debug|Any CPU = Debug|Any CPU
	EndGlobalSection
	GlobalSection(ProjectConfigurationPlatforms) = postSolution
		{62DDD3FF-48DF-43F6-A7AE-663F1AC748C0}.Debug|Any CPU.ActiveCfg = Debug|Any CPU
		{62DDD3FF-48DF-43F6-A7AE-663F1AC748C0}.Debug|Any CPU.Build.0 = Debug|Any CPU
	EndGlobalSection
	GlobalSection(SolutionProperties) = preSolution
		HideSolutionNode = FALSE
	EndGlobalSection
	GlobalSection(ExtensibilityGlobals) = postSolution
		SolutionGuid = {BAA1957C-3BCC-4F62-B344-937BB0F369E2}
	EndGlobalSection
EndGlobal
